
Microsoft Visual Studio Solution File, Format Version 12.00
# Visual Studio Version 16
VisualStudioVersion = 16.0.31105.61
MinimumVisualStudioVersion = 10.0.40219.1
Project("{FAE04EC0-301F-11D3-BF4B-00C04F79EFBC}") = "ProudBulgarian.Android", "ProudBulgarian\ProudBulgarian.Android\ProudBulgarian.Android.csproj", "{55CC9CC1-0DB0-4EFB-9B5A-F2B5560816DC}"
EndProject
Project("{FAE04EC0-301F-11D3-BF4B-00C04F79EFBC}") = "ProudBulgarian.iOS", "ProudBulgarian\ProudBulgarian.iOS\ProudBulgarian.iOS.csproj", "{2AF3EAE8-D09B-4E7F-A8E0-4E9DF6154538}"
EndProject
Project("{FAE04EC0-301F-11D3-BF4B-00C04F79EFBC}") = "ProudBulgarian", "ProudBulgarian\ProudBulgarian\ProudBulgarian.csproj", "{1EBC8FCB-44F3-4FAA-90FB-34BC4885127C}"
EndProject
Global
	GlobalSection(SolutionConfigurationPlatforms) = preSolution
		Debug|Any CPU = Debug|Any CPU
		Debug|iPhone = Debug|iPhone
		Debug|iPhoneSimulator = Debug|iPhoneSimulator
		Release|Any CPU = Release|Any CPU
		Release|iPhone = Release|iPhone
		Release|iPhoneSimulator = Release|iPhoneSimulator
	EndGlobalSection
	GlobalSection(ProjectConfigurationPlatforms) = postSolution
		{55CC9CC1-0DB0-4EFB-9B5A-F2B5560816DC}.Debug|Any CPU.ActiveCfg = Debug|Any CPU
		{55CC9CC1-0DB0-4EFB-9B5A-F2B5560816DC}.Debug|Any CPU.Build.0 = Debug|Any CPU
		{55CC9CC1-0DB0-4EFB-9B5A-F2B5560816DC}.Debug|Any CPU.Deploy.0 = Debug|Any CPU
		{55CC9CC1-0DB0-4EFB-9B5A-F2B5560816DC}.Debug|iPhone.ActiveCfg = Debug|Any CPU
		{55CC9CC1-0DB0-4EFB-9B5A-F2B5560816DC}.Debug|iPhone.Build.0 = Debug|Any CPU
		{55CC9CC1-0DB0-4EFB-9B5A-F2B5560816DC}.Debug|iPhone.Deploy.0 = Debug|Any CPU
		{55CC9CC1-0DB0-4EFB-9B5A-F2B5560816DC}.Debug|iPhoneSimulator.ActiveCfg = Debug|Any CPU
		{55CC9CC1-0DB0-4EFB-9B5A-F2B5560816DC}.Debug|iPhoneSimulator.Build.0 = Debug|Any CPU
		{55CC9CC1-0DB0-4EFB-9B5A-F2B5560816DC}.Debug|iPhoneSimulator.Deploy.0 = Debug|Any CPU
		{55CC9CC1-0DB0-4EFB-9B5A-F2B5560816DC}.Release|Any CPU.ActiveCfg = Release|Any CPU
		{55CC9CC1-0DB0-4EFB-9B5A-F2B5560816DC}.Release|Any CPU.Build.0 = Release|Any CPU
		{55CC9CC1-0DB0-4EFB-9B5A-F2B5560816DC}.Release|Any CPU.Deploy.0 = Release|Any CPU
		{55CC9CC1-0DB0-4EFB-9B5A-F2B5560816DC}.Release|iPhone.ActiveCfg = Release|Any CPU
		{55CC9CC1-0DB0-4EFB-9B5A-F2B5560816DC}.Release|iPhone.Build.0 = Release|Any CPU
		{55CC9CC1-0DB0-4EFB-9B5A-F2B5560816DC}.Release|iPhone.Deploy.0 = Release|Any CPU
		{55CC9CC1-0DB0-4EFB-9B5A-F2B5560816DC}.Release|iPhoneSimulator.ActiveCfg = Release|Any CPU
		{55CC9CC1-0DB0-4EFB-9B5A-F2B5560816DC}.Release|iPhoneSimulator.Build.0 = Release|Any CPU
		{55CC9CC1-0DB0-4EFB-9B5A-F2B5560816DC}.Release|iPhoneSimulator.Deploy.0 = Release|Any CPU
		{2AF3EAE8-D09B-4E7F-A8E0-4E9DF6154538}.Debug|Any CPU.ActiveCfg = Debug|iPhone
		{2AF3EAE8-D09B-4E7F-A8E0-4E9DF6154538}.Debug|Any CPU.Build.0 = Debug|iPhone
		{2AF3EAE8-D09B-4E7F-A8E0-4E9DF6154538}.Debug|Any CPU.Deploy.0 = Debug|iPhone
		{2AF3EAE8-D09B-4E7F-A8E0-4E9DF6154538}.Debug|iPhone.ActiveCfg = Debug|iPhone
		{2AF3EAE8-D09B-4E7F-A8E0-4E9DF6154538}.Debug|iPhone.Build.0 = Debug|iPhone
		{2AF3EAE8-D09B-4E7F-A8E0-4E9DF6154538}.Debug|iPhone.Deploy.0 = Debug|iPhone
		{2AF3EAE8-D09B-4E7F-A8E0-4E9DF6154538}.Debug|iPhoneSimulator.ActiveCfg = Debug|iPhoneSimulator
		{2AF3EAE8-D09B-4E7F-A8E0-4E9DF6154538}.Debug|iPhoneSimulator.Build.0 = Debug|iPhoneSimulator
		{2AF3EAE8-D09B-4E7F-A8E0-4E9DF6154538}.Debug|iPhoneSimulator.Deploy.0 = Debug|iPhoneSimulator
		{2AF3EAE8-D09B-4E7F-A8E0-4E9DF6154538}.Release|Any CPU.ActiveCfg = Release|iPhoneSimulator
		{2AF3EAE8-D09B-4E7F-A8E0-4E9DF6154538}.Release|Any CPU.Build.0 = Release|iPhoneSimulator
		{2AF3EAE8-D09B-4E7F-A8E0-4E9DF6154538}.Release|Any CPU.Deploy.0 = Release|iPhoneSimulator
		{2AF3EAE8-D09B-4E7F-A8E0-4E9DF6154538}.Release|iPhone.ActiveCfg = Release|iPhone
		{2AF3EAE8-D09B-4E7F-A8E0-4E9DF6154538}.Release|iPhone.Build.0 = Release|iPhone
		{2AF3EAE8-D09B-4E7F-A8E0-4E9DF6154538}.Release|iPhone.Deploy.0 = Release|iPhone
		{2AF3EAE8-D09B-4E7F-A8E0-4E9DF6154538}.Release|iPhoneSimulator.ActiveCfg = Release|iPhoneSimulator
		{2AF3EAE8-D09B-4E7F-A8E0-4E9DF6154538}.Release|iPhoneSimulator.Build.0 = Release|iPhoneSimulator
		{2AF3EAE8-D09B-4E7F-A8E0-4E9DF6154538}.Release|iPhoneSimulator.Deploy.0 = Release|iPhoneSimulator
		{1EBC8FCB-44F3-4FAA-90FB-34BC4885127C}.Debug|Any CPU.ActiveCfg = Debug|Any CPU
		{1EBC8FCB-44F3-4FAA-90FB-34BC4885127C}.Debug|Any CPU.Build.0 = Debug|Any CPU
		{1EBC8FCB-44F3-4FAA-90FB-34BC4885127C}.Debug|Any CPU.Deploy.0 = Debug|Any CPU
		{1EBC8FCB-44F3-4FAA-90FB-34BC4885127C}.Debug|iPhone.ActiveCfg = Debug|Any CPU
		{1EBC8FCB-44F3-4FAA-90FB-34BC4885127C}.Debug|iPhone.Build.0 = Debug|Any CPU
		{1EBC8FCB-44F3-4FAA-90FB-34BC4885127C}.Debug|iPhone.Deploy.0 = Debug|Any CPU
		{1EBC8FCB-44F3-4FAA-90FB-34BC4885127C}.Debug|iPhoneSimulator.ActiveCfg = Debug|Any CPU
		{1EBC8FCB-44F3-4FAA-90FB-34BC4885127C}.Debug|iPhoneSimulator.Build.0 = Debug|Any CPU
		{1EBC8FCB-44F3-4FAA-90FB-34BC4885127C}.Debug|iPhoneSimulator.Deploy.0 = Debug|Any CPU
		{1EBC8FCB-44F3-4FAA-90FB-34BC4885127C}.Release|Any CPU.ActiveCfg = Release|Any CPU
		{1EBC8FCB-44F3-4FAA-90FB-34BC4885127C}.Release|Any CPU.Build.0 = Release|Any CPU
		{1EBC8FCB-44F3-4FAA-90FB-34BC4885127C}.Release|Any CPU.Deploy.0 = Release|Any CPU
		{1EBC8FCB-44F3-4FAA-90FB-34BC4885127C}.Release|iPhone.ActiveCfg = Release|Any CPU
		{1EBC8FCB-44F3-4FAA-90FB-34BC4885127C}.Release|iPhone.Build.0 = Release|Any CPU
		{1EBC8FCB-44F3-4FAA-90FB-34BC4885127C}.Release|iPhone.Deploy.0 = Release|Any CPU
		{1EBC8FCB-44F3-4FAA-90FB-34BC4885127C}.Release|iPhoneSimulator.ActiveCfg = Release|Any CPU
		{1EBC8FCB-44F3-4FAA-90FB-34BC4885127C}.Release|iPhoneSimulator.Build.0 = Release|Any CPU
		{1EBC8FCB-44F3-4FAA-90FB-34BC4885127C}.Release|iPhoneSimulator.Deploy.0 = Release|Any CPU
	EndGlobalSection
	GlobalSection(SolutionProperties) = preSolution
		HideSolutionNode = FALSE
	EndGlobalSection
	GlobalSection(ExtensibilityGlobals) = postSolution
		SolutionGuid = {A029D0F7-158B-4BE3-9FF9-5B894E0DF3DB}
	EndGlobalSection
EndGlobal
